<?xml version="1.0" encoding="utf-8"?>
<Project ToolsVersion="4.0" xmlns="http://schemas.microsoft.com/developer/msbuild/2003">
  <ItemGroup>
    <Filter Include="Source Files">
      <UniqueIdentifier>{4FC737F1-C7A5-4376-A066-2A32D752A2FF}</UniqueIdentifier>
      <Extensions>cpp;c;cc;cxx;def;odl;idl;hpj;bat;asm;asmx</Extensions>
    </Filter>
    <Filter Include="Header Files">
      <UniqueIdentifier>{93995380-89BD-4b04-88EB-625FBE52EBFB}</UniqueIdentifier>
      <Extensions>h;hh;hpp;hxx;hm;inl;inc;ipp;xsd</Extensions>
    </Filter>
    <Filter Include="Resource Files">
      <UniqueIdentifier>{67DA6AB6-F800-4c08-8B7A-83BB121AAD01}</UniqueIdentifier>
      <Extensions>rc;ico;cur;bmp;dlg;rc2;rct;bin;rgs;gif;jpg;jpeg;jpe;resx;tiff;tif;png;wav;mfcribbon-ms</Extensions>
    </Filter>
    <Filter Include="Shaders">
      <UniqueIdentifier>{ac0788c9-8315-49b6-8a72-741fb4bca955}</UniqueIdentifier>
    </Filter>
    <Filter Include="Classes">
      <UniqueIdentifier>{c9f4dde4-81b3-469d-8b59-31dbb666b61c}</UniqueIdentifier>
    </Filter>
    <Filter Include="Services">
      <UniqueIdentifier>{815847fc-45d3-4492-b49b-97a5b85100fc}</UniqueIdentifier>
    </Filter>
    <Filter Include="Header Files\Libraries">
      <UniqueIdentifier>{f29b107d-770c-4840-8db5-ede95ef52c8f}</UniqueIdentifier>
    </Filter>
    <Filter Include="Source Files\Libraries">
      <UniqueIdentifier>{e368ae82-261e-42d1-aac8-ec51528b29ed}</UniqueIdentifier>
    </Filter>
    <Filter Include="Header Files\Lights">
      <UniqueIdentifier>{5e6cebd3-d44b-4b29-94ad-5661e1f95b67}</UniqueIdentifier>
    </Filter>
    <Filter Include="Classes\Lights">
      <UniqueIdentifier>{b54d7294-9155-4f2e-b4bf-4a0ab83628db}</UniqueIdentifier>
    </Filter>
    <Filter Include="Shaders\Basic">
      <UniqueIdentifier>{aff31f7f-e1d0-41f6-baa5-06d4ea20548b}</UniqueIdentifier>
    </Filter>
    <Filter Include="Shaders\Phong">
      <UniqueIdentifier>{c61784b1-08a8-498f-ad8e-420aeed90f80}</UniqueIdentifier>
    </Filter>
    <Filter Include="Shaders\Light">
      <UniqueIdentifier>{99f5d918-f256-4301-a76b-46b3c3950195}</UniqueIdentifier>
    </Filter>
    <Filter Include="Header Files\Services">
      <UniqueIdentifier>{3e3292a9-468b-4cf2-b107-a0aa55de876b}</UniqueIdentifier>
    </Filter>
  </ItemGroup>
  <ItemGroup>
    <ClCompile Include="Source.cpp">
      <Filter>Source Files</Filter>
    </ClCompile>
    <ClCompile Include="glad.c">
      <Filter>Source Files\Libraries</Filter>
    </ClCompile>
    <ClCompile Include="Camera.cpp">
      <Filter>Classes</Filter>
    </ClCompile>
    <ClCompile Include="Mesh.cpp">
      <Filter>Classes</Filter>
    </ClCompile>
    <ClCompile Include="Model.cpp">
      <Filter>Classes</Filter>
    </ClCompile>
    <ClCompile Include="TextureService.cpp">
      <Filter>Services</Filter>
    </ClCompile>
    <ClCompile Include="Shader.cpp">
      <Filter>Classes</Filter>
    </ClCompile>
    <ClCompile Include="Background.cpp">
      <Filter>Classes</Filter>
    </ClCompile>
    <ClCompile Include="ViewBuilder.cpp">
      <Filter>Classes</Filter>
    </ClCompile>
    <ClCompile Include="Light.cpp">
      <Filter>Classes\Lights</Filter>
    </ClCompile>
    <ClCompile Include="DirectLight.cpp">
      <Filter>Classes\Lights</Filter>
    </ClCompile>
    <ClCompile Include="Spotlight.cpp">
      <Filter>Classes\Lights</Filter>
    </ClCompile>
    <ClCompile Include="PointLight.cpp">
      <Filter>Classes\Lights</Filter>
    </ClCompile>
    <ClCompile Include="LightBuilder.cpp">
      <Filter>Classes</Filter>
    </ClCompile>
  </ItemGroup>
  <ItemGroup>
    <ClInclude Include="Shader.h">
      <Filter>Header Files</Filter>
    </ClInclude>
    <ClInclude Include="Mesh.h">
      <Filter>Header Files</Filter>
    </ClInclude>
    <ClInclude Include="Model.h">
      <Filter>Header Files</Filter>
    </ClInclude>
    <ClInclude Include="Camera.h">
      <Filter>Header Files</Filter>
    </ClInclude>
    <ClInclude Include="ViewBuilder.h">
      <Filter>Header Files</Filter>
    </ClInclude>
    <ClInclude Include="TextureService.h">
      <Filter>Header Files\Services</Filter>
    </ClInclude>
    <ClInclude Include="Dependencies\stb_image.h">
      <Filter>Header Files\Libraries</Filter>
    </ClInclude>
    <ClInclude Include="Dependencies\stb.h">
      <Filter>Header Files\Libraries</Filter>
    </ClInclude>
    <ClInclude Include="Background.h">
      <Filter>Header Files</Filter>
    </ClInclude>
    <ClInclude Include="Light.h">
      <Filter>Header Files\Lights</Filter>
    </ClInclude>
    <ClInclude Include="DirectLight.h">
      <Filter>Header Files\Lights</Filter>
    </ClInclude>
    <ClInclude Include="Spotlight.h">
      <Filter>Header Files\Lights</Filter>
    </ClInclude>
    <ClInclude Include="PointLight.h">
      <Filter>Header Files\Lights</Filter>
    </ClInclude>
    <ClInclude Include="LightsBuilder.h">
      <Filter>Header Files</Filter>
    </ClInclude>
  </ItemGroup>
  <ItemGroup>
    <None Include="BasicShader.vs">
      <Filter>Shaders\Basic</Filter>
    </None>
    <None Include="BasicShader.fs">
      <Filter>Shaders\Basic</Filter>
    </None>
    <None Include="PhongShader.vs">
      <Filter>Shaders\Phong</Filter>
    </None>
    <None Include="PhongShader.fs">
      <Filter>Shaders\Phong</Filter>
    </None>
    <None Include="LampShader.fs">
      <Filter>Shaders\Light</Filter>
    </None>
    <None Include="LampShader.vs">
      <Filter>Shaders\Light</Filter>
    </None>
  </ItemGroup>
</Project>